
Microsoft Visual Studio Solution File, Format Version 12.00
# Visual Studio Version 17
VisualStudioVersion = 17.7.34031.279
MinimumVisualStudioVersion = 10.0.40219.1
Project("{FAE04EC0-301F-11D3-BF4B-00C04F79EFBC}") = "lab6", "lab6\lab6.csproj", "{9CF78ECE-DE05-4AB8-AAAE-0D2AE6BC8AC4}"
EndProject
Global
	GlobalSection(SolutionConfigurationPlatforms) = preSolution
		Debug|Any CPU = Debug|Any CPU
		Release|Any CPU = Release|Any CPU
	EndGlobalSection
	GlobalSection(ProjectConfigurationPlatforms) = postSolution
		{9CF78ECE-DE05-4AB8-AAAE-0D2AE6BC8AC4}.Debug|Any CPU.ActiveCfg = Debug|Any CPU
		{9CF78ECE-DE05-4AB8-AAAE-0D2AE6BC8AC4}.Debug|Any CPU.Build.0 = Debug|Any CPU
		{9CF78ECE-DE05-4AB8-AAAE-0D2AE6BC8AC4}.Release|Any CPU.ActiveCfg = Release|Any CPU
		{9CF78ECE-DE05-4AB8-AAAE-0D2AE6BC8AC4}.Release|Any CPU.Build.0 = Release|Any CPU
	EndGlobalSection
	GlobalSection(SolutionProperties) = preSolution
		HideSolutionNode = FALSE
	EndGlobalSection
	GlobalSection(ExtensibilityGlobals) = postSolution
		SolutionGuid = {F8C8D76E-97FC-4450-B80C-AE76C165A023}
	EndGlobalSection
EndGlobal
